
Microsoft Visual Studio Solution File, Format Version 10.00
# Visual Studio 2008
Project("{8BC9CEB8-8B4A-11D0-8D11-00A0C91BC942}") = "20140520", "20140520\20140520.vcproj", "{D9C250E6-53B8-4223-A2B6-DF7DF98F376B}"
EndProject
Global
	GlobalSection(SolutionConfigurationPlatforms) = preSolution
		Debug|Win32 = Debug|Win32
		Release|Win32 = Release|Win32
	EndGlobalSection
	GlobalSection(ProjectConfigurationPlatforms) = postSolution
		{D9C250E6-53B8-4223-A2B6-DF7DF98F376B}.Debug|Win32.ActiveCfg = Debug|Win32
		{D9C250E6-53B8-4223-A2B6-DF7DF98F376B}.Debug|Win32.Build.0 = Debug|Win32
		{D9C250E6-53B8-4223-A2B6-DF7DF98F376B}.Release|Win32.ActiveCfg = Release|Win32
		{D9C250E6-53B8-4223-A2B6-DF7DF98F376B}.Release|Win32.Build.0 = Release|Win32
	EndGlobalSection
	GlobalSection(SolutionProperties) = preSolution
		HideSolutionNode = FALSE
	EndGlobalSection
EndGlobal
